{
  "name": "md-slide-tool-pptx-preview",
  "version": "0.1.0",
  "lockfileVersion": 3,
  "requires": true,
  "packages": {
    "": {
      "name": "md-slide-tool-pptx-preview",
      "version": "0.1.0",
      "dependencies": {
        "pdfjs-dist": "^4.10.38"
      },
      "engines": {
        "vscode": "^1.92.0"
      }
    },
    "node_modules/pdfjs-dist": {
      "version": "4.10.38",
      "resolved": "https://registry.npmjs.org/pdfjs-dist/-/pdfjs-dist-4.10.38.tgz",
      "license": "Apache-2.0",
      "engines": {
        "node": ">=20"
      },
      "optionalDependencies": {
        "@napi-rs/canvas": "^0.1.65"
      }
    }
  }
}
